
Microsoft Visual Studio Solution File, Format Version 12.00
# Visual Studio Version 17
VisualStudioVersion = 17.2.32630.192
MinimumVisualStudioVersion = 10.0.40219.1
Project("{FAE04EC0-301F-11D3-BF4B-00C04F79EFBC}") = "Amiibopedia.UWP", "Amiibopedia\Amiibopedia.UWP\Amiibopedia.UWP.csproj", "{F1C8898E-A2D1-4A2C-B655-0D355498B3A7}"
EndProject
Project("{FAE04EC0-301F-11D3-BF4B-00C04F79EFBC}") = "Amiibopedia.Android", "Amiibopedia\Amiibopedia.Android\Amiibopedia.Android.csproj", "{25ED421B-892F-4331-9821-F68E95DE5590}"
EndProject
Project("{FAE04EC0-301F-11D3-BF4B-00C04F79EFBC}") = "Amiibopedia.iOS", "Amiibopedia\Amiibopedia.iOS\Amiibopedia.iOS.csproj", "{34F11EC3-9498-4779-846B-0EA986A696BA}"
EndProject
Project("{FAE04EC0-301F-11D3-BF4B-00C04F79EFBC}") = "Amiibopedia", "Amiibopedia\Amiibopedia\Amiibopedia.csproj", "{9DAE5CAF-C2EE-4C10-B2E4-FB65A50AB0DE}"
EndProject
Global
	GlobalSection(SolutionConfigurationPlatforms) = preSolution
		Debug|Any CPU = Debug|Any CPU
		Debug|ARM = Debug|ARM
		Debug|iPhone = Debug|iPhone
		Debug|iPhoneSimulator = Debug|iPhoneSimulator
		Debug|x64 = Debug|x64
		Debug|x86 = Debug|x86
		Release|Any CPU = Release|Any CPU
		Release|ARM = Release|ARM
		Release|iPhone = Release|iPhone
		Release|iPhoneSimulator = Release|iPhoneSimulator
		Release|x64 = Release|x64
		Release|x86 = Release|x86
	EndGlobalSection
	GlobalSection(ProjectConfigurationPlatforms) = postSolution
		{F1C8898E-A2D1-4A2C-B655-0D355498B3A7}.Debug|Any CPU.ActiveCfg = Debug|x64
		{F1C8898E-A2D1-4A2C-B655-0D355498B3A7}.Debug|Any CPU.Build.0 = Debug|x64
		{F1C8898E-A2D1-4A2C-B655-0D355498B3A7}.Debug|Any CPU.Deploy.0 = Debug|x64
		{F1C8898E-A2D1-4A2C-B655-0D355498B3A7}.Debug|ARM.ActiveCfg = Debug|ARM
		{F1C8898E-A2D1-4A2C-B655-0D355498B3A7}.Debug|ARM.Build.0 = Debug|ARM
		{F1C8898E-A2D1-4A2C-B655-0D355498B3A7}.Debug|ARM.Deploy.0 = Debug|ARM
		{F1C8898E-A2D1-4A2C-B655-0D355498B3A7}.Debug|iPhone.ActiveCfg = Debug|x64
		{F1C8898E-A2D1-4A2C-B655-0D355498B3A7}.Debug|iPhone.Build.0 = Debug|x64
		{F1C8898E-A2D1-4A2C-B655-0D355498B3A7}.Debug|iPhone.Deploy.0 = Debug|x64
		{F1C8898E-A2D1-4A2C-B655-0D355498B3A7}.Debug|iPhoneSimulator.ActiveCfg = Debug|x64
		{F1C8898E-A2D1-4A2C-B655-0D355498B3A7}.Debug|iPhoneSimulator.Build.0 = Debug|x64
		{F1C8898E-A2D1-4A2C-B655-0D355498B3A7}.Debug|iPhoneSimulator.Deploy.0 = Debug|x64
		{F1C8898E-A2D1-4A2C-B655-0D355498B3A7}.Debug|x64.ActiveCfg = Debug|x64
		{F1C8898E-A2D1-4A2C-B655-0D355498B3A7}.Debug|x64.Build.0 = Debug|x64
		{F1C8898E-A2D1-4A2C-B655-0D355498B3A7}.Debug|x64.Deploy.0 = Debug|x64
		{F1C8898E-A2D1-4A2C-B655-0D355498B3A7}.Debug|x86.ActiveCfg = Debug|x86
		{F1C8898E-A2D1-4A2C-B655-0D355498B3A7}.Debug|x86.Build.0 = Debug|x86
		{F1C8898E-A2D1-4A2C-B655-0D355498B3A7}.Debug|x86.Deploy.0 = Debug|x86
		{F1C8898E-A2D1-4A2C-B655-0D355498B3A7}.Release|Any CPU.ActiveCfg = Release|x64
		{F1C8898E-A2D1-4A2C-B655-0D355498B3A7}.Release|Any CPU.Build.0 = Release|x64
		{F1C8898E-A2D1-4A2C-B655-0D355498B3A7}.Release|Any CPU.Deploy.0 = Release|x64
		{F1C8898E-A2D1-4A2C-B655-0D355498B3A7}.Release|ARM.ActiveCfg = Release|ARM
		{F1C8898E-A2D1-4A2C-B655-0D355498B3A7}.Release|ARM.Build.0 = Release|ARM
		{F1C8898E-A2D1-4A2C-B655-0D355498B3A7}.Release|ARM.Deploy.0 = Release|ARM
		{F1C8898E-A2D1-4A2C-B655-0D355498B3A7}.Release|iPhone.ActiveCfg = Release|x64
		{F1C8898E-A2D1-4A2C-B655-0D355498B3A7}.Release|iPhone.Build.0 = Release|x64
		{F1C8898E-A2D1-4A2C-B655-0D355498B3A7}.Release|iPhone.Deploy.0 = Release|x64
		{F1C8898E-A2D1-4A2C-B655-0D355498B3A7}.Release|iPhoneSimulator.ActiveCfg = Release|x64
		{F1C8898E-A2D1-4A2C-B655-0D355498B3A7}.Release|iPhoneSimulator.Build.0 = Release|x64
		{F1C8898E-A2D1-4A2C-B655-0D355498B3A7}.Release|iPhoneSimulator.Deploy.0 = Release|x64
		{F1C8898E-A2D1-4A2C-B655-0D355498B3A7}.Release|x64.ActiveCfg = Release|x64
		{F1C8898E-A2D1-4A2C-B655-0D355498B3A7}.Release|x64.Build.0 = Release|x64
		{F1C8898E-A2D1-4A2C-B655-0D355498B3A7}.Release|x64.Deploy.0 = Release|x64
		{F1C8898E-A2D1-4A2C-B655-0D355498B3A7}.Release|x86.ActiveCfg = Release|x86
		{F1C8898E-A2D1-4A2C-B655-0D355498B3A7}.Release|x86.Build.0 = Release|x86
		{F1C8898E-A2D1-4A2C-B655-0D355498B3A7}.Release|x86.Deploy.0 = Release|x86
		{25ED421B-892F-4331-9821-F68E95DE5590}.Debug|Any CPU.ActiveCfg = Debug|Any CPU
		{25ED421B-892F-4331-9821-F68E95DE5590}.Debug|Any CPU.Build.0 = Debug|Any CPU
		{25ED421B-892F-4331-9821-F68E95DE5590}.Debug|Any CPU.Deploy.0 = Debug|Any CPU
		{25ED421B-892F-4331-9821-F68E95DE5590}.Debug|ARM.ActiveCfg = Debug|Any CPU
		{25ED421B-892F-4331-9821-F68E95DE5590}.Debug|ARM.Build.0 = Debug|Any CPU
		{25ED421B-892F-4331-9821-F68E95DE5590}.Debug|ARM.Deploy.0 = Debug|Any CPU
		{25ED421B-892F-4331-9821-F68E95DE5590}.Debug|iPhone.ActiveCfg = Debug|Any CPU
		{25ED421B-892F-4331-9821-F68E95DE5590}.Debug|iPhone.Build.0 = Debug|Any CPU
		{25ED421B-892F-4331-9821-F68E95DE5590}.Debug|iPhone.Deploy.0 = Debug|Any CPU
		{25ED421B-892F-4331-9821-F68E95DE5590}.Debug|iPhoneSimulator.ActiveCfg = Debug|Any CPU
		{25ED421B-892F-4331-9821-F68E95DE5590}.Debug|iPhoneSimulator.Build.0 = Debug|Any CPU
		{25ED421B-892F-4331-9821-F68E95DE5590}.Debug|iPhoneSimulator.Deploy.0 = Debug|Any CPU
		{25ED421B-892F-4331-9821-F68E95DE5590}.Debug|x64.ActiveCfg = Debug|Any CPU
		{25ED421B-892F-4331-9821-F68E95DE5590}.Debug|x64.Build.0 = Debug|Any CPU
		{25ED421B-892F-4331-9821-F68E95DE5590}.Debug|x64.Deploy.0 = Debug|Any CPU
		{25ED421B-892F-4331-9821-F68E95DE5590}.Debug|x86.ActiveCfg = Debug|Any CPU
		{25ED421B-892F-4331-9821-F68E95DE5590}.Debug|x86.Build.0 = Debug|Any CPU
		{25ED421B-892F-4331-9821-F68E95DE5590}.Debug|x86.Deploy.0 = Debug|Any CPU
		{25ED421B-892F-4331-9821-F68E95DE5590}.Release|Any CPU.ActiveCfg = Release|Any CPU
		{25ED421B-892F-4331-9821-F68E95DE5590}.Release|Any CPU.Build.0 = Release|Any CPU
		{25ED421B-892F-4331-9821-F68E95DE5590}.Release|Any CPU.Deploy.0 = Release|Any CPU
		{25ED421B-892F-4331-9821-F68E95DE5590}.Release|ARM.ActiveCfg = Release|Any CPU
		{25ED421B-892F-4331-9821-F68E95DE5590}.Release|ARM.Build.0 = Release|Any CPU
		{25ED421B-892F-4331-9821-F68E95DE5590}.Release|ARM.Deploy.0 = Release|Any CPU
		{25ED421B-892F-4331-9821-F68E95DE5590}.Release|iPhone.ActiveCfg = Release|Any CPU
		{25ED421B-892F-4331-9821-F68E95DE5590}.Release|iPhone.Build.0 = Release|Any CPU
		{25ED421B-892F-4331-9821-F68E95DE5590}.Release|iPhone.Deploy.0 = Release|Any CPU
		{25ED421B-892F-4331-9821-F68E95DE5590}.Release|iPhoneSimulator.ActiveCfg = Release|Any CPU
		{25ED421B-892F-4331-9821-F68E95DE5590}.Release|iPhoneSimulator.Build.0 = Release|Any CPU
		{25ED421B-892F-4331-9821-F68E95DE5590}.Release|iPhoneSimulator.Deploy.0 = Release|Any CPU
		{25ED421B-892F-4331-9821-F68E95DE5590}.Release|x64.ActiveCfg = Release|Any CPU
		{25ED421B-892F-4331-9821-F68E95DE5590}.Release|x64.Build.0 = Release|Any CPU
		{25ED421B-892F-4331-9821-F68E95DE5590}.Release|x64.Deploy.0 = Release|Any CPU
		{25ED421B-892F-4331-9821-F68E95DE5590}.Release|x86.ActiveCfg = Release|Any CPU
		{25ED421B-892F-4331-9821-F68E95DE5590}.Release|x86.Build.0 = Release|Any CPU
		{25ED421B-892F-4331-9821-F68E95DE5590}.Release|x86.Deploy.0 = Release|Any CPU
		{34F11EC3-9498-4779-846B-0EA986A696BA}.Debug|Any CPU.ActiveCfg = Debug|iPhoneSimulator
		{34F11EC3-9498-4779-846B-0EA986A696BA}.Debug|Any CPU.Build.0 = Debug|iPhoneSimulator
		{34F11EC3-9498-4779-846B-0EA986A696BA}.Debug|Any CPU.Deploy.0 = Debug|iPhoneSimulator
		{34F11EC3-9498-4779-846B-0EA986A696BA}.Debug|ARM.ActiveCfg = Debug|iPhoneSimulator
		{34F11EC3-9498-4779-846B-0EA986A696BA}.Debug|ARM.Build.0 = Debug|iPhoneSimulator
		{34F11EC3-9498-4779-846B-0EA986A696BA}.Debug|ARM.Deploy.0 = Debug|iPhoneSimulator
		{34F11EC3-9498-4779-846B-0EA986A696BA}.Debug|iPhone.ActiveCfg = Debug|iPhone
		{34F11EC3-9498-4779-846B-0EA986A696BA}.Debug|iPhone.Build.0 = Debug|iPhone
		{34F11EC3-9498-4779-846B-0EA986A696BA}.Debug|iPhone.Deploy.0 = Debug|iPhone
		{34F11EC3-9498-4779-846B-0EA986A696BA}.Debug|iPhoneSimulator.ActiveCfg = Debug|iPhoneSimulator
		{34F11EC3-9498-4779-846B-0EA986A696BA}.Debug|iPhoneSimulator.Build.0 = Debug|iPhoneSimulator
		{34F11EC3-9498-4779-846B-0EA986A696BA}.Debug|iPhoneSimulator.Deploy.0 = Debug|iPhoneSimulator
		{34F11EC3-9498-4779-846B-0EA986A696BA}.Debug|x64.ActiveCfg = Debug|iPhone
		{34F11EC3-9498-4779-846B-0EA986A696BA}.Debug|x64.Build.0 = Debug|iPhone
		{34F11EC3-9498-4779-846B-0EA986A696BA}.Debug|x64.Deploy.0 = Debug|iPhone
		{34F11EC3-9498-4779-846B-0EA986A696BA}.Debug|x86.ActiveCfg = Debug|iPhoneSimulator
		{34F11EC3-9498-4779-846B-0EA986A696BA}.Debug|x86.Build.0 = Debug|iPhoneSimulator
		{34F11EC3-9498-4779-846B-0EA986A696BA}.Debug|x86.Deploy.0 = Debug|iPhoneSimulator
		{34F11EC3-9498-4779-846B-0EA986A696BA}.Release|Any CPU.ActiveCfg = Release|iPhoneSimulator
		{34F11EC3-9498-4779-846B-0EA986A696BA}.Release|Any CPU.Build.0 = Release|iPhoneSimulator
		{34F11EC3-9498-4779-846B-0EA986A696BA}.Release|Any CPU.Deploy.0 = Release|iPhoneSimulator
		{34F11EC3-9498-4779-846B-0EA986A696BA}.Release|ARM.ActiveCfg = Release|iPhoneSimulator
		{34F11EC3-9498-4779-846B-0EA986A696BA}.Release|ARM.Build.0 = Release|iPhoneSimulator
		{34F11EC3-9498-4779-846B-0EA986A696BA}.Release|ARM.Deploy.0 = Release|iPhoneSimulator
		{34F11EC3-9498-4779-846B-0EA986A696BA}.Release|iPhone.ActiveCfg = Release|iPhone
		{34F11EC3-9498-4779-846B-0EA986A696BA}.Release|iPhone.Build.0 = Release|iPhone
		{34F11EC3-9498-4779-846B-0EA986A696BA}.Release|iPhone.Deploy.0 = Release|iPhone
		{34F11EC3-9498-4779-846B-0EA986A696BA}.Release|iPhoneSimulator.ActiveCfg = Release|iPhoneSimulator
		{34F11EC3-9498-4779-846B-0EA986A696BA}.Release|iPhoneSimulator.Build.0 = Release|iPhoneSimulator
		{34F11EC3-9498-4779-846B-0EA986A696BA}.Release|iPhoneSimulator.Deploy.0 = Release|iPhoneSimulator
		{34F11EC3-9498-4779-846B-0EA986A696BA}.Release|x64.ActiveCfg = Release|iPhoneSimulator
		{34F11EC3-9498-4779-846B-0EA986A696BA}.Release|x64.Build.0 = Release|iPhoneSimulator
		{34F11EC3-9498-4779-846B-0EA986A696BA}.Release|x64.Deploy.0 = Release|iPhoneSimulator
		{34F11EC3-9498-4779-846B-0EA986A696BA}.Release|x86.ActiveCfg = Release|iPhoneSimulator
		{34F11EC3-9498-4779-846B-0EA986A696BA}.Release|x86.Build.0 = Release|iPhoneSimulator
		{34F11EC3-9498-4779-846B-0EA986A696BA}.Release|x86.Deploy.0 = Release|iPhoneSimulator
		{9DAE5CAF-C2EE-4C10-B2E4-FB65A50AB0DE}.Debug|Any CPU.ActiveCfg = Debug|Any CPU
		{9DAE5CAF-C2EE-4C10-B2E4-FB65A50AB0DE}.Debug|Any CPU.Build.0 = Debug|Any CPU
		{9DAE5CAF-C2EE-4C10-B2E4-FB65A50AB0DE}.Debug|Any CPU.Deploy.0 = Debug|Any CPU
		{9DAE5CAF-C2EE-4C10-B2E4-FB65A50AB0DE}.Debug|ARM.ActiveCfg = Debug|Any CPU
		{9DAE5CAF-C2EE-4C10-B2E4-FB65A50AB0DE}.Debug|ARM.Build.0 = Debug|Any CPU
		{9DAE5CAF-C2EE-4C10-B2E4-FB65A50AB0DE}.Debug|ARM.Deploy.0 = Debug|Any CPU
		{9DAE5CAF-C2EE-4C10-B2E4-FB65A50AB0DE}.Debug|iPhone.ActiveCfg = Debug|Any CPU
		{9DAE5CAF-C2EE-4C10-B2E4-FB65A50AB0DE}.Debug|iPhone.Build.0 = Debug|Any CPU
		{9DAE5CAF-C2EE-4C10-B2E4-FB65A50AB0DE}.Debug|iPhone.Deploy.0 = Debug|Any CPU
		{9DAE5CAF-C2EE-4C10-B2E4-FB65A50AB0DE}.Debug|iPhoneSimulator.ActiveCfg = Debug|Any CPU
		{9DAE5CAF-C2EE-4C10-B2E4-FB65A50AB0DE}.Debug|iPhoneSimulator.Build.0 = Debug|Any CPU
		{9DAE5CAF-C2EE-4C10-B2E4-FB65A50AB0DE}.Debug|iPhoneSimulator.Deploy.0 = Debug|Any CPU
		{9DAE5CAF-C2EE-4C10-B2E4-FB65A50AB0DE}.Debug|x64.ActiveCfg = Debug|Any CPU
		{9DAE5CAF-C2EE-4C10-B2E4-FB65A50AB0DE}.Debug|x64.Build.0 = Debug|Any CPU
		{9DAE5CAF-C2EE-4C10-B2E4-FB65A50AB0DE}.Debug|x64.Deploy.0 = Debug|Any CPU
		{9DAE5CAF-C2EE-4C10-B2E4-FB65A50AB0DE}.Debug|x86.ActiveCfg = Debug|Any CPU
		{9DAE5CAF-C2EE-4C10-B2E4-FB65A50AB0DE}.Debug|x86.Build.0 = Debug|Any CPU
		{9DAE5CAF-C2EE-4C10-B2E4-FB65A50AB0DE}.Debug|x86.Deploy.0 = Debug|Any CPU
		{9DAE5CAF-C2EE-4C10-B2E4-FB65A50AB0DE}.Release|Any CPU.ActiveCfg = Release|Any CPU
		{9DAE5CAF-C2EE-4C10-B2E4-FB65A50AB0DE}.Release|Any CPU.Build.0 = Release|Any CPU
		{9DAE5CAF-C2EE-4C10-B2E4-FB65A50AB0DE}.Release|Any CPU.Deploy.0 = Release|Any CPU
		{9DAE5CAF-C2EE-4C10-B2E4-FB65A50AB0DE}.Release|ARM.ActiveCfg = Release|Any CPU
		{9DAE5CAF-C2EE-4C10-B2E4-FB65A50AB0DE}.Release|ARM.Build.0 = Release|Any CPU
		{9DAE5CAF-C2EE-4C10-B2E4-FB65A50AB0DE}.Release|ARM.Deploy.0 = Release|Any CPU
		{9DAE5CAF-C2EE-4C10-B2E4-FB65A50AB0DE}.Release|iPhone.ActiveCfg = Release|Any CPU
		{9DAE5CAF-C2EE-4C10-B2E4-FB65A50AB0DE}.Release|iPhone.Build.0 = Release|Any CPU
		{9DAE5CAF-C2EE-4C10-B2E4-FB65A50AB0DE}.Release|iPhone.Deploy.0 = Release|Any CPU
		{9DAE5CAF-C2EE-4C10-B2E4-FB65A50AB0DE}.Release|iPhoneSimulator.ActiveCfg = Release|Any CPU
		{9DAE5CAF-C2EE-4C10-B2E4-FB65A50AB0DE}.Release|iPhoneSimulator.Build.0 = Release|Any CPU
		{9DAE5CAF-C2EE-4C10-B2E4-FB65A50AB0DE}.Release|iPhoneSimulator.Deploy.0 = Release|Any CPU
		{9DAE5CAF-C2EE-4C10-B2E4-FB65A50AB0DE}.Release|x64.ActiveCfg = Release|Any CPU
		{9DAE5CAF-C2EE-4C10-B2E4-FB65A50AB0DE}.Release|x64.Build.0 = Release|Any CPU
		{9DAE5CAF-C2EE-4C10-B2E4-FB65A50AB0DE}.Release|x64.Deploy.0 = Release|Any CPU
		{9DAE5CAF-C2EE-4C10-B2E4-FB65A50AB0DE}.Release|x86.ActiveCfg = Release|Any CPU
		{9DAE5CAF-C2EE-4C10-B2E4-FB65A50AB0DE}.Release|x86.Build.0 = Release|Any CPU
		{9DAE5CAF-C2EE-4C10-B2E4-FB65A50AB0DE}.Release|x86.Deploy.0 = Release|Any CPU
	EndGlobalSection
	GlobalSection(SolutionProperties) = preSolution
		HideSolutionNode = FALSE
	EndGlobalSection
	GlobalSection(ExtensibilityGlobals) = postSolution
		SolutionGuid = {8F4BBD55-4925-4D9A-871F-2386C91823A6}
	EndGlobalSection
EndGlobal
